
Microsoft Visual Studio Solution File, Format Version 12.00
# Visual Studio Version 16
VisualStudioVersion = 16.0.32106.194
MinimumVisualStudioVersion = 10.0.40219.1
Project("{FAE04EC0-301F-11D3-BF4B-00C04F79EFBC}") = "information", "information\information.csproj", "{DA6F4AB7-026B-47F3-B242-5D8253C7A50F}"
EndProject
Global
	GlobalSection(SolutionConfigurationPlatforms) = preSolution
		Debug|Any CPU = Debug|Any CPU
		Release|Any CPU = Release|Any CPU
	EndGlobalSection
	GlobalSection(ProjectConfigurationPlatforms) = postSolution
		{DA6F4AB7-026B-47F3-B242-5D8253C7A50F}.Debug|Any CPU.ActiveCfg = Debug|Any CPU
		{DA6F4AB7-026B-47F3-B242-5D8253C7A50F}.Debug|Any CPU.Build.0 = Debug|Any CPU
		{DA6F4AB7-026B-47F3-B242-5D8253C7A50F}.Release|Any CPU.ActiveCfg = Release|Any CPU
		{DA6F4AB7-026B-47F3-B242-5D8253C7A50F}.Release|Any CPU.Build.0 = Release|Any CPU
	EndGlobalSection
	GlobalSection(SolutionProperties) = preSolution
		HideSolutionNode = FALSE
	EndGlobalSection
	GlobalSection(ExtensibilityGlobals) = postSolution
		SolutionGuid = {E1EAFD8A-0F28-4B34-927A-7AFA2196C383}
	EndGlobalSection
EndGlobal
